dependencies:
  espressif/mdns:
    component_hash: 3ba256ac95e07c274be53cbd73f06cb846c403b61e8fbdf1be57bdb79db7a63e
    dependencies:
    - name: idf
      require: private
      version: '>=5.0'
    source:
      registry_url: https://components.espressif.com/
      type: service
    version: 1.12.0
  idf:
    source:
      type: idf
    version: 5.5.4
direct_dependencies:
- espressif/mdns
- idf
manifest_hash: bbe9fe2ea168beb5fbe787ff895daf617aa854f167159f0dc9903c32fe7354b2
target: esp32c6
version: 2.0.0
